
Microsoft Visual Studio Solution File, Format Version 12.00
# Visual Studio Version 16
VisualStudioVersion = 16.0.33328.57
MinimumVisualStudioVersion = 10.0.40219.1
Project("{FAE04EC0-301F-11D3-BF4B-00C04F79EFBC}") = "OnlineSchoolTuto", "OnlineSchoolTuto.csproj", "{2AEA50FB-C268-40DE-A3F8-0B65B8ECDFDD}"
EndProject
Global
	GlobalSection(SolutionConfigurationPlatforms) = preSolution
		Debug|Any CPU = Debug|Any CPU
		Release|Any CPU = Release|Any CPU
	EndGlobalSection
	GlobalSection(ProjectConfigurationPlatforms) = postSolution
		{2AEA50FB-C268-40DE-A3F8-0B65B8ECDFDD}.Debug|Any CPU.ActiveCfg = Debug|Any CPU
		{2AEA50FB-C268-40DE-A3F8-0B65B8ECDFDD}.Debug|Any CPU.Build.0 = Debug|Any CPU
		{2AEA50FB-C268-40DE-A3F8-0B65B8ECDFDD}.Release|Any CPU.ActiveCfg = Release|Any CPU
		{2AEA50FB-C268-40DE-A3F8-0B65B8ECDFDD}.Release|Any CPU.Build.0 = Release|Any CPU
	EndGlobalSection
	GlobalSection(SolutionProperties) = preSolution
		HideSolutionNode = FALSE
	EndGlobalSection
	GlobalSection(ExtensibilityGlobals) = postSolution
		SolutionGuid = {4240CC74-4EB0-44E3-ACC8-4C3FDD8EACE3}
	EndGlobalSection
EndGlobal
